
Microsoft Visual Studio Solution File, Format Version 12.00
# Visual Studio Version 16
VisualStudioVersion = 16.0.29721.120
MinimumVisualStudioVersion = 10.0.40219.1
Project("{FAE04EC0-301F-11D3-BF4B-00C04F79EFBC}") = "SqlBuilder", "SqlBuilder\SqlBuilder.csproj", "{9943D2D2-96BD-4287-AB9E-9AD928821419}"
EndProject
Project("{9A19103F-16F7-4668-BE54-9A1E7A4F7556}") = "Commun", "Commun\Commun.csproj", "{9E0B6878-F290-4A2B-A68D-98DADC1447BA}"
EndProject
Project("{9A19103F-16F7-4668-BE54-9A1E7A4F7556}") = "Env.Commun.Donnees", "Env.Commun.Donnees\Env.Commun.Donnees.csproj", "{8C9C554E-9CD7-4CF8-86DF-B2C1B362622B}"
EndProject
Project("{9A19103F-16F7-4668-BE54-9A1E7A4F7556}") = "Env.Commun.Domaine", "Env.Commun.Domaine\Env.Commun.Domaine.csproj", "{6CEF6579-417B-47EB-B9EF-B3F1830CE058}"
EndProject
Project("{9A19103F-16F7-4668-BE54-9A1E7A4F7556}") = "Env.Commun.Core", "Env.Commun.Core\Env.Commun.Core.csproj", "{A24B3401-850E-4953-91FB-DFB5EB479725}"
EndProject
Project("{FAE04EC0-301F-11D3-BF4B-00C04F79EFBC}") = "Env.Commum", "Env.Commum\Env.Commum.csproj", "{D6F34C6E-30FA-4626-B5F2-F4F60C12A413}"
EndProject
Global
	GlobalSection(SolutionConfigurationPlatforms) = preSolution
		Debug|Any CPU = Debug|Any CPU
		Release|Any CPU = Release|Any CPU
	EndGlobalSection
	GlobalSection(ProjectConfigurationPlatforms) = postSolution
		{9943D2D2-96BD-4287-AB9E-9AD928821419}.Debug|Any CPU.ActiveCfg = Debug|Any CPU
		{9943D2D2-96BD-4287-AB9E-9AD928821419}.Debug|Any CPU.Build.0 = Debug|Any CPU
		{9943D2D2-96BD-4287-AB9E-9AD928821419}.Release|Any CPU.ActiveCfg = Release|Any CPU
		{9943D2D2-96BD-4287-AB9E-9AD928821419}.Release|Any CPU.Build.0 = Release|Any CPU
		{9E0B6878-F290-4A2B-A68D-98DADC1447BA}.Debug|Any CPU.ActiveCfg = Debug|Any CPU
		{9E0B6878-F290-4A2B-A68D-98DADC1447BA}.Debug|Any CPU.Build.0 = Debug|Any CPU
		{9E0B6878-F290-4A2B-A68D-98DADC1447BA}.Release|Any CPU.ActiveCfg = Release|Any CPU
		{9E0B6878-F290-4A2B-A68D-98DADC1447BA}.Release|Any CPU.Build.0 = Release|Any CPU
		{8C9C554E-9CD7-4CF8-86DF-B2C1B362622B}.Debug|Any CPU.ActiveCfg = Debug|Any CPU
		{8C9C554E-9CD7-4CF8-86DF-B2C1B362622B}.Debug|Any CPU.Build.0 = Debug|Any CPU
		{8C9C554E-9CD7-4CF8-86DF-B2C1B362622B}.Release|Any CPU.ActiveCfg = Release|Any CPU
		{8C9C554E-9CD7-4CF8-86DF-B2C1B362622B}.Release|Any CPU.Build.0 = Release|Any CPU
		{6CEF6579-417B-47EB-B9EF-B3F1830CE058}.Debug|Any CPU.ActiveCfg = Debug|Any CPU
		{6CEF6579-417B-47EB-B9EF-B3F1830CE058}.Debug|Any CPU.Build.0 = Debug|Any CPU
		{6CEF6579-417B-47EB-B9EF-B3F1830CE058}.Release|Any CPU.ActiveCfg = Release|Any CPU
		{6CEF6579-417B-47EB-B9EF-B3F1830CE058}.Release|Any CPU.Build.0 = Release|Any CPU
		{A24B3401-850E-4953-91FB-DFB5EB479725}.Debug|Any CPU.ActiveCfg = Debug|Any CPU
		{A24B3401-850E-4953-91FB-DFB5EB479725}.Debug|Any CPU.Build.0 = Debug|Any CPU
		{A24B3401-850E-4953-91FB-DFB5EB479725}.Release|Any CPU.ActiveCfg = Release|Any CPU
		{A24B3401-850E-4953-91FB-DFB5EB479725}.Release|Any CPU.Build.0 = Release|Any CPU
		{D6F34C6E-30FA-4626-B5F2-F4F60C12A413}.Debug|Any CPU.ActiveCfg = Debug|Any CPU
		{D6F34C6E-30FA-4626-B5F2-F4F60C12A413}.Debug|Any CPU.Build.0 = Debug|Any CPU
		{D6F34C6E-30FA-4626-B5F2-F4F60C12A413}.Release|Any CPU.ActiveCfg = Release|Any CPU
		{D6F34C6E-30FA-4626-B5F2-F4F60C12A413}.Release|Any CPU.Build.0 = Release|Any CPU
	EndGlobalSection
	GlobalSection(SolutionProperties) = preSolution
		HideSolutionNode = FALSE
	EndGlobalSection
	GlobalSection(ExtensibilityGlobals) = postSolution
		SolutionGuid = {24CB8820-7BAC-4A16-9113-4186C87C8208}
	EndGlobalSection
EndGlobal
